
Microsoft Visual Studio Solution File, Format Version 12.00
# Visual Studio Version 16
VisualStudioVersion = 16.0.31229.75
MinimumVisualStudioVersion = 10.0.40219.1
Project("{2150E333-8FDC-42A3-9474-1A3956D46DE8}") = "ApiGateways", "ApiGateways", "{A5EDCE35-881E-4CD1-9373-6517777E7D5D}"
EndProject
Project("{2150E333-8FDC-42A3-9474-1A3956D46DE8}") = "Services", "Services", "{6560DDAE-5512-4328-9794-0CF373B1CCF6}"
EndProject
Project("{2150E333-8FDC-42A3-9474-1A3956D46DE8}") = "Web", "Web", "{D4777BE8-3221-4362-88BE-2400EED45E4C}"
EndProject
Project("{9A19103F-16F7-4668-BE54-9A1E7A4F7556}") = "ApiGateway.Web", "ApiGateways\Web\ApiGateway.Web\ApiGateway.Web.csproj", "{40A0CB0B-1A68-4F8E-8701-58B6DE69E22A}"
EndProject
Project("{9A19103F-16F7-4668-BE54-9A1E7A4F7556}") = "Post.Api", "Services\Post\Post.Api\Post.Api.csproj", "{4600C9F4-AD21-434E-8436-A5FF3A851B72}"
EndProject
Project("{9A19103F-16F7-4668-BE54-9A1E7A4F7556}") = "User.Api", "Services\User\User.Api\User.Api.csproj", "{4B396906-99B9-4F60-A3F0-02C0246786F3}"
EndProject
Project("{E53339B2-1760-4266-BCC7-CA923CBCF16C}") = "docker-compose", "docker-compose.dcproj", "{AB54D6AD-E962-4820-B92E-F69C61BF248D}"
EndProject
Project("{2150E333-8FDC-42A3-9474-1A3956D46DE8}") = "Post", "Post", "{299BFE62-BFDD-41DE-B3E9-5A2A9A4F00DD}"
EndProject
Project("{2150E333-8FDC-42A3-9474-1A3956D46DE8}") = "User", "User", "{BBD18A56-30CF-4229-8618-4257342724A3}"
EndProject
Project("{FAE04EC0-301F-11D3-BF4B-00C04F79EFBC}") = "Post.UnitTests", "Services\Post\Post.UnitTests\Post.UnitTests.csproj", "{70E90AB3-2F51-4BBC-8EAF-1A1D5111EC87}"
EndProject
Global
	GlobalSection(SolutionConfigurationPlatforms) = preSolution
		Debug|Any CPU = Debug|Any CPU
		Release|Any CPU = Release|Any CPU
	EndGlobalSection
	GlobalSection(ProjectConfigurationPlatforms) = postSolution
		{40A0CB0B-1A68-4F8E-8701-58B6DE69E22A}.Debug|Any CPU.ActiveCfg = Debug|Any CPU
		{40A0CB0B-1A68-4F8E-8701-58B6DE69E22A}.Debug|Any CPU.Build.0 = Debug|Any CPU
		{40A0CB0B-1A68-4F8E-8701-58B6DE69E22A}.Release|Any CPU.ActiveCfg = Release|Any CPU
		{40A0CB0B-1A68-4F8E-8701-58B6DE69E22A}.Release|Any CPU.Build.0 = Release|Any CPU
		{4600C9F4-AD21-434E-8436-A5FF3A851B72}.Debug|Any CPU.ActiveCfg = Debug|Any CPU
		{4600C9F4-AD21-434E-8436-A5FF3A851B72}.Debug|Any CPU.Build.0 = Debug|Any CPU
		{4600C9F4-AD21-434E-8436-A5FF3A851B72}.Release|Any CPU.ActiveCfg = Release|Any CPU
		{4600C9F4-AD21-434E-8436-A5FF3A851B72}.Release|Any CPU.Build.0 = Release|Any CPU
		{4B396906-99B9-4F60-A3F0-02C0246786F3}.Debug|Any CPU.ActiveCfg = Debug|Any CPU
		{4B396906-99B9-4F60-A3F0-02C0246786F3}.Debug|Any CPU.Build.0 = Debug|Any CPU
		{4B396906-99B9-4F60-A3F0-02C0246786F3}.Release|Any CPU.ActiveCfg = Release|Any CPU
		{4B396906-99B9-4F60-A3F0-02C0246786F3}.Release|Any CPU.Build.0 = Release|Any CPU
		{AB54D6AD-E962-4820-B92E-F69C61BF248D}.Debug|Any CPU.ActiveCfg = Debug|Any CPU
		{AB54D6AD-E962-4820-B92E-F69C61BF248D}.Debug|Any CPU.Build.0 = Debug|Any CPU
		{AB54D6AD-E962-4820-B92E-F69C61BF248D}.Release|Any CPU.ActiveCfg = Release|Any CPU
		{AB54D6AD-E962-4820-B92E-F69C61BF248D}.Release|Any CPU.Build.0 = Release|Any CPU
		{70E90AB3-2F51-4BBC-8EAF-1A1D5111EC87}.Debug|Any CPU.ActiveCfg = Debug|Any CPU
		{70E90AB3-2F51-4BBC-8EAF-1A1D5111EC87}.Debug|Any CPU.Build.0 = Debug|Any CPU
		{70E90AB3-2F51-4BBC-8EAF-1A1D5111EC87}.Release|Any CPU.ActiveCfg = Release|Any CPU
		{70E90AB3-2F51-4BBC-8EAF-1A1D5111EC87}.Release|Any CPU.Build.0 = Release|Any CPU
	EndGlobalSection
	GlobalSection(SolutionProperties) = preSolution
		HideSolutionNode = FALSE
	EndGlobalSection
	GlobalSection(NestedProjects) = preSolution
		{D4777BE8-3221-4362-88BE-2400EED45E4C} = {A5EDCE35-881E-4CD1-9373-6517777E7D5D}
		{40A0CB0B-1A68-4F8E-8701-58B6DE69E22A} = {D4777BE8-3221-4362-88BE-2400EED45E4C}
		{4600C9F4-AD21-434E-8436-A5FF3A851B72} = {299BFE62-BFDD-41DE-B3E9-5A2A9A4F00DD}
		{4B396906-99B9-4F60-A3F0-02C0246786F3} = {BBD18A56-30CF-4229-8618-4257342724A3}
		{299BFE62-BFDD-41DE-B3E9-5A2A9A4F00DD} = {6560DDAE-5512-4328-9794-0CF373B1CCF6}
		{BBD18A56-30CF-4229-8618-4257342724A3} = {6560DDAE-5512-4328-9794-0CF373B1CCF6}
		{70E90AB3-2F51-4BBC-8EAF-1A1D5111EC87} = {299BFE62-BFDD-41DE-B3E9-5A2A9A4F00DD}
	EndGlobalSection
	GlobalSection(ExtensibilityGlobals) = postSolution
		SolutionGuid = {B6F66538-70CB-4523-87A9-0E0D07CE6F8D}
	EndGlobalSection
EndGlobal
